
Microsoft Visual Studio Solution File, Format Version 12.00
# Visual Studio Version 16
VisualStudioVersion = 16.0.29519.87
MinimumVisualStudioVersion = 10.0.40219.1
Project("{FAE04EC0-301F-11D3-BF4B-00C04F79EFBC}") = "MattEland.RaygunTutorial.CalculatorServer", "MattEland.RaygunTutorial.CalculatorServer\MattEland.RaygunTutorial.CalculatorServer.csproj", "{DFDD2AFF-C983-4207-B090-083AA8DAE819}"
EndProject
Global
	GlobalSection(SolutionConfigurationPlatforms) = preSolution
		Debug|Any CPU = Debug|Any CPU
		Release|Any CPU = Release|Any CPU
	EndGlobalSection
	GlobalSection(ProjectConfigurationPlatforms) = postSolution
		{DFDD2AFF-C983-4207-B090-083AA8DAE819}.Debug|Any CPU.ActiveCfg = Debug|Any CPU
		{DFDD2AFF-C983-4207-B090-083AA8DAE819}.Debug|Any CPU.Build.0 = Debug|Any CPU
		{DFDD2AFF-C983-4207-B090-083AA8DAE819}.Release|Any CPU.ActiveCfg = Release|Any CPU
		{DFDD2AFF-C983-4207-B090-083AA8DAE819}.Release|Any CPU.Build.0 = Release|Any CPU
	EndGlobalSection
	GlobalSection(SolutionProperties) = preSolution
		HideSolutionNode = FALSE
	EndGlobalSection
	GlobalSection(ExtensibilityGlobals) = postSolution
		SolutionGuid = {536DE95F-87CE-4340-8C0A-0B1876138A7D}
	EndGlobalSection
EndGlobal
